
Microsoft Visual Studio Solution File, Format Version 12.00
# Visual Studio Version 17
VisualStudioVersion = 17.9.34723.18
MinimumVisualStudioVersion = 10.0.40219.1
Project("{FAE04EC0-301F-11D3-BF4B-00C04F79EFBC}") = "DashBord", "DashBord\DashBord.csproj", "{554979C6-0862-4889-BF96-A3219ED3E5C9}"
EndProject
Project("{2150E333-8FDC-42A3-9474-1A3956D46DE8}") = "Solution Items", "Solution Items", "{04AF4D54-22D3-480A-81E9-FD5A23DAF746}"
	ProjectSection(SolutionItems) = preProject
		Readme.md = Readme.md
	EndProjectSection
EndProject
Global
	GlobalSection(SolutionConfigurationPlatforms) = preSolution
		Debug|Any CPU = Debug|Any CPU
		Release|Any CPU = Release|Any CPU
	EndGlobalSection
	GlobalSection(ProjectConfigurationPlatforms) = postSolution
		{554979C6-0862-4889-BF96-A3219ED3E5C9}.Debug|Any CPU.ActiveCfg = Debug|Any CPU
		{554979C6-0862-4889-BF96-A3219ED3E5C9}.Debug|Any CPU.Build.0 = Debug|Any CPU
		{554979C6-0862-4889-BF96-A3219ED3E5C9}.Release|Any CPU.ActiveCfg = Release|Any CPU
		{554979C6-0862-4889-BF96-A3219ED3E5C9}.Release|Any CPU.Build.0 = Release|Any CPU
	EndGlobalSection
	GlobalSection(SolutionProperties) = preSolution
		HideSolutionNode = FALSE
	EndGlobalSection
	GlobalSection(ExtensibilityGlobals) = postSolution
		SolutionGuid = {C6C70FC3-AD47-4195-924A-AE3227909EB5}
	EndGlobalSection
EndGlobal
